hash: e01329c96b01f938f6c3e4f5a25510a08ae52b68dfba8705a6e92568bd79b082
updated: 2018-01-06T13:21:25.380590131+08:00
imports:
- name: github.com/sirupsen/logrus
  version: d682213848ed68c0a260ca37d6dd5ace8423f5ba
- name: golang.org/x/crypto
  version: d585fd2cc9195196078f516b69daff6744ef5e84
  subpackages:
  - ssh/terminal
- name: golang.org/x/sys
  version: 83801418e1b59fb1880e363299581ee543af32ca
  subpackages:
  - unix
  - windows
testImports: []
